
Microsoft Visual Studio Solution File, Format Version 12.00
# Visual Studio Version 16
VisualStudioVersion = 16.0.29709.97
MinimumVisualStudioVersion = 10.0.40219.1
Project("{FAE04EC0-301F-11D3-BF4B-00C04F79EFBC}") = "Visitor_Pattern", "Visitor_Pattern\Visitor_Pattern.csproj", "{BA077488-1D9A-46FC-8E8C-9F95103D0AA6}"
EndProject
Global
	GlobalSection(SolutionConfigurationPlatforms) = preSolution
		Debug|Any CPU = Debug|Any CPU
		Release|Any CPU = Release|Any CPU
	EndGlobalSection
	GlobalSection(ProjectConfigurationPlatforms) = postSolution
		{BA077488-1D9A-46FC-8E8C-9F95103D0AA6}.Debug|Any CPU.ActiveCfg = Debug|Any CPU
		{BA077488-1D9A-46FC-8E8C-9F95103D0AA6}.Debug|Any CPU.Build.0 = Debug|Any CPU
		{BA077488-1D9A-46FC-8E8C-9F95103D0AA6}.Release|Any CPU.ActiveCfg = Release|Any CPU
		{BA077488-1D9A-46FC-8E8C-9F95103D0AA6}.Release|Any CPU.Build.0 = Release|Any CPU
	EndGlobalSection
	GlobalSection(SolutionProperties) = preSolution
		HideSolutionNode = FALSE
	EndGlobalSection
	GlobalSection(ExtensibilityGlobals) = postSolution
		SolutionGuid = {18097656-20B2-4A5E-843F-52ACF68EF09E}
	EndGlobalSection
EndGlobal
