
Microsoft Visual Studio Solution File, Format Version 12.00
# Visual Studio Version 16
VisualStudioVersion = 16.0.29102.190
MinimumVisualStudioVersion = 15.0.26124.0
Project("{2150E333-8FDC-42A3-9474-1A3956D46DE8}") = "src", "src", "{B5BA0B59-8D91-4F07-8090-34BDE097EFC9}"
EndProject
Project("{9A19103F-16F7-4668-BE54-9A1E7A4F7556}") = "TennisBookings.Web", "src\TennisBookings.Web\TennisBookings.Web.csproj", "{74A1EEEE-6FB1-482E-98AD-C1BC19078448}"
EndProject
Project("{9A19103F-16F7-4668-BE54-9A1E7A4F7556}") = "WeatherService.Api", "src\WeatherService.Api\WeatherService.Api.csproj", "{8AC8E8E8-A3C2-4A10-BCA8-CD8065901DF0}"
EndProject
Project("{2150E333-8FDC-42A3-9474-1A3956D46DE8}") = "external", "external", "{02F9AF1C-3F55-4AC5-AD84-2409E1EA45B0}"
EndProject
Project("{9A19103F-16F7-4668-BE54-9A1E7A4F7556}") = "BrandedProducts.Api", "src\BrandedProducts.Api\BrandedProducts.Api.csproj", "{CAB39502-8D53-49CB-AF15-F2C60918B907}"
EndProject
Project("{2150E333-8FDC-42A3-9474-1A3956D46DE8}") = "test", "test", "{AD0738BA-577C-463D-8617-1B9D4544FE14}"
EndProject
Project("{9A19103F-16F7-4668-BE54-9A1E7A4F7556}") = "TennisBookings.Web.Tests", "test\TennisBookings.Web.Tests\TennisBookings.Web.Tests.csproj", "{F0F52D37-9C6E-405B-85CF-FB91A1D0CB21}"
EndProject
Project("{9A19103F-16F7-4668-BE54-9A1E7A4F7556}") = "TennisBookings.ResultsProcessing", "src\TennisBookings.ResultsProcessing\TennisBookings.ResultsProcessing.csproj", "{1646EEAC-446A-43EB-974A-C481D9ABA58D}"
EndProject
Project("{9A19103F-16F7-4668-BE54-9A1E7A4F7556}") = "Players.Api", "src\Players.Api\Players.Api.csproj", "{A2D144CE-2F0E-49C8-8525-1E312F7203EE}"
EndProject
Project("{9A19103F-16F7-4668-BE54-9A1E7A4F7556}") = "TennisStats.Api", "src\TennisStats.Api\TennisStats.Api.csproj", "{440130DE-7B5D-410D-AAE7-1AB427E3E275}"
EndProject
Global
	GlobalSection(SolutionConfigurationPlatforms) = preSolution
		Debug|Any CPU = Debug|Any CPU
		Debug|x64 = Debug|x64
		Debug|x86 = Debug|x86
		Release|Any CPU = Release|Any CPU
		Release|x64 = Release|x64
		Release|x86 = Release|x86
	EndGlobalSection
	GlobalSection(ProjectConfigurationPlatforms) = postSolution
		{74A1EEEE-6FB1-482E-98AD-C1BC19078448}.Debug|Any CPU.ActiveCfg = Debug|Any CPU
		{74A1EEEE-6FB1-482E-98AD-C1BC19078448}.Debug|Any CPU.Build.0 = Debug|Any CPU
		{74A1EEEE-6FB1-482E-98AD-C1BC19078448}.Debug|x64.ActiveCfg = Debug|Any CPU
		{74A1EEEE-6FB1-482E-98AD-C1BC19078448}.Debug|x64.Build.0 = Debug|Any CPU
		{74A1EEEE-6FB1-482E-98AD-C1BC19078448}.Debug|x86.ActiveCfg = Debug|Any CPU
		{74A1EEEE-6FB1-482E-98AD-C1BC19078448}.Debug|x86.Build.0 = Debug|Any CPU
		{74A1EEEE-6FB1-482E-98AD-C1BC19078448}.Release|Any CPU.ActiveCfg = Release|Any CPU
		{74A1EEEE-6FB1-482E-98AD-C1BC19078448}.Release|Any CPU.Build.0 = Release|Any CPU
		{74A1EEEE-6FB1-482E-98AD-C1BC19078448}.Release|x64.ActiveCfg = Release|Any CPU
		{74A1EEEE-6FB1-482E-98AD-C1BC19078448}.Release|x64.Build.0 = Release|Any CPU
		{74A1EEEE-6FB1-482E-98AD-C1BC19078448}.Release|x86.ActiveCfg = Release|Any CPU
		{74A1EEEE-6FB1-482E-98AD-C1BC19078448}.Release|x86.Build.0 = Release|Any CPU
		{8AC8E8E8-A3C2-4A10-BCA8-CD8065901DF0}.Debug|Any CPU.ActiveCfg = Debug|Any CPU
		{8AC8E8E8-A3C2-4A10-BCA8-CD8065901DF0}.Debug|Any CPU.Build.0 = Debug|Any CPU
		{8AC8E8E8-A3C2-4A10-BCA8-CD8065901DF0}.Debug|x64.ActiveCfg = Debug|Any CPU
		{8AC8E8E8-A3C2-4A10-BCA8-CD8065901DF0}.Debug|x64.Build.0 = Debug|Any CPU
		{8AC8E8E8-A3C2-4A10-BCA8-CD8065901DF0}.Debug|x86.ActiveCfg = Debug|Any CPU
		{8AC8E8E8-A3C2-4A10-BCA8-CD8065901DF0}.Debug|x86.Build.0 = Debug|Any CPU
		{8AC8E8E8-A3C2-4A10-BCA8-CD8065901DF0}.Release|Any CPU.ActiveCfg = Release|Any CPU
		{8AC8E8E8-A3C2-4A10-BCA8-CD8065901DF0}.Release|Any CPU.Build.0 = Release|Any CPU
		{8AC8E8E8-A3C2-4A10-BCA8-CD8065901DF0}.Release|x64.ActiveCfg = Release|Any CPU
		{8AC8E8E8-A3C2-4A10-BCA8-CD8065901DF0}.Release|x64.Build.0 = Release|Any CPU
		{8AC8E8E8-A3C2-4A10-BCA8-CD8065901DF0}.Release|x86.ActiveCfg = Release|Any CPU
		{8AC8E8E8-A3C2-4A10-BCA8-CD8065901DF0}.Release|x86.Build.0 = Release|Any CPU
		{CAB39502-8D53-49CB-AF15-F2C60918B907}.Debug|Any CPU.ActiveCfg = Debug|Any CPU
		{CAB39502-8D53-49CB-AF15-F2C60918B907}.Debug|Any CPU.Build.0 = Debug|Any CPU
		{CAB39502-8D53-49CB-AF15-F2C60918B907}.Debug|x64.ActiveCfg = Debug|Any CPU
		{CAB39502-8D53-49CB-AF15-F2C60918B907}.Debug|x64.Build.0 = Debug|Any CPU
		{CAB39502-8D53-49CB-AF15-F2C60918B907}.Debug|x86.ActiveCfg = Debug|Any CPU
		{CAB39502-8D53-49CB-AF15-F2C60918B907}.Debug|x86.Build.0 = Debug|Any CPU
		{CAB39502-8D53-49CB-AF15-F2C60918B907}.Release|Any CPU.ActiveCfg = Release|Any CPU
		{CAB39502-8D53-49CB-AF15-F2C60918B907}.Release|Any CPU.Build.0 = Release|Any CPU
		{CAB39502-8D53-49CB-AF15-F2C60918B907}.Release|x64.ActiveCfg = Release|Any CPU
		{CAB39502-8D53-49CB-AF15-F2C60918B907}.Release|x64.Build.0 = Release|Any CPU
		{CAB39502-8D53-49CB-AF15-F2C60918B907}.Release|x86.ActiveCfg = Release|Any CPU
		{CAB39502-8D53-49CB-AF15-F2C60918B907}.Release|x86.Build.0 = Release|Any CPU
		{F0F52D37-9C6E-405B-85CF-FB91A1D0CB21}.Debug|Any CPU.ActiveCfg = Debug|Any CPU
		{F0F52D37-9C6E-405B-85CF-FB91A1D0CB21}.Debug|Any CPU.Build.0 = Debug|Any CPU
		{F0F52D37-9C6E-405B-85CF-FB91A1D0CB21}.Debug|x64.ActiveCfg = Debug|Any CPU
		{F0F52D37-9C6E-405B-85CF-FB91A1D0CB21}.Debug|x64.Build.0 = Debug|Any CPU
		{F0F52D37-9C6E-405B-85CF-FB91A1D0CB21}.Debug|x86.ActiveCfg = Debug|Any CPU
		{F0F52D37-9C6E-405B-85CF-FB91A1D0CB21}.Debug|x86.Build.0 = Debug|Any CPU
		{F0F52D37-9C6E-405B-85CF-FB91A1D0CB21}.Release|Any CPU.ActiveCfg = Release|Any CPU
		{F0F52D37-9C6E-405B-85CF-FB91A1D0CB21}.Release|Any CPU.Build.0 = Release|Any CPU
		{F0F52D37-9C6E-405B-85CF-FB91A1D0CB21}.Release|x64.ActiveCfg = Release|Any CPU
		{F0F52D37-9C6E-405B-85CF-FB91A1D0CB21}.Release|x64.Build.0 = Release|Any CPU
		{F0F52D37-9C6E-405B-85CF-FB91A1D0CB21}.Release|x86.ActiveCfg = Release|Any CPU
		{F0F52D37-9C6E-405B-85CF-FB91A1D0CB21}.Release|x86.Build.0 = Release|Any CPU
		{1646EEAC-446A-43EB-974A-C481D9ABA58D}.Debug|Any CPU.ActiveCfg = Debug|Any CPU
		{1646EEAC-446A-43EB-974A-C481D9ABA58D}.Debug|Any CPU.Build.0 = Debug|Any CPU
		{1646EEAC-446A-43EB-974A-C481D9ABA58D}.Debug|x64.ActiveCfg = Debug|Any CPU
		{1646EEAC-446A-43EB-974A-C481D9ABA58D}.Debug|x64.Build.0 = Debug|Any CPU
		{1646EEAC-446A-43EB-974A-C481D9ABA58D}.Debug|x86.ActiveCfg = Debug|Any CPU
		{1646EEAC-446A-43EB-974A-C481D9ABA58D}.Debug|x86.Build.0 = Debug|Any CPU
		{1646EEAC-446A-43EB-974A-C481D9ABA58D}.Release|Any CPU.ActiveCfg = Release|Any CPU
		{1646EEAC-446A-43EB-974A-C481D9ABA58D}.Release|Any CPU.Build.0 = Release|Any CPU
		{1646EEAC-446A-43EB-974A-C481D9ABA58D}.Release|x64.ActiveCfg = Release|Any CPU
		{1646EEAC-446A-43EB-974A-C481D9ABA58D}.Release|x64.Build.0 = Release|Any CPU
		{1646EEAC-446A-43EB-974A-C481D9ABA58D}.Release|x86.ActiveCfg = Release|Any CPU
		{1646EEAC-446A-43EB-974A-C481D9ABA58D}.Release|x86.Build.0 = Release|Any CPU
		{A2D144CE-2F0E-49C8-8525-1E312F7203EE}.Debug|Any CPU.ActiveCfg = Debug|Any CPU
		{A2D144CE-2F0E-49C8-8525-1E312F7203EE}.Debug|Any CPU.Build.0 = Debug|Any CPU
		{A2D144CE-2F0E-49C8-8525-1E312F7203EE}.Debug|x64.ActiveCfg = Debug|Any CPU
		{A2D144CE-2F0E-49C8-8525-1E312F7203EE}.Debug|x64.Build.0 = Debug|Any CPU
		{A2D144CE-2F0E-49C8-8525-1E312F7203EE}.Debug|x86.ActiveCfg = Debug|Any CPU
		{A2D144CE-2F0E-49C8-8525-1E312F7203EE}.Debug|x86.Build.0 = Debug|Any CPU
		{A2D144CE-2F0E-49C8-8525-1E312F7203EE}.Release|Any CPU.ActiveCfg = Release|Any CPU
		{A2D144CE-2F0E-49C8-8525-1E312F7203EE}.Release|Any CPU.Build.0 = Release|Any CPU
		{A2D144CE-2F0E-49C8-8525-1E312F7203EE}.Release|x64.ActiveCfg = Release|Any CPU
		{A2D144CE-2F0E-49C8-8525-1E312F7203EE}.Release|x64.Build.0 = Release|Any CPU
		{A2D144CE-2F0E-49C8-8525-1E312F7203EE}.Release|x86.ActiveCfg = Release|Any CPU
		{A2D144CE-2F0E-49C8-8525-1E312F7203EE}.Release|x86.Build.0 = Release|Any CPU
		{440130DE-7B5D-410D-AAE7-1AB427E3E275}.Debug|Any CPU.ActiveCfg = Debug|Any CPU
		{440130DE-7B5D-410D-AAE7-1AB427E3E275}.Debug|Any CPU.Build.0 = Debug|Any CPU
		{440130DE-7B5D-410D-AAE7-1AB427E3E275}.Debug|x64.ActiveCfg = Debug|Any CPU
		{440130DE-7B5D-410D-AAE7-1AB427E3E275}.Debug|x64.Build.0 = Debug|Any CPU
		{440130DE-7B5D-410D-AAE7-1AB427E3E275}.Debug|x86.ActiveCfg = Debug|Any CPU
		{440130DE-7B5D-410D-AAE7-1AB427E3E275}.Debug|x86.Build.0 = Debug|Any CPU
		{440130DE-7B5D-410D-AAE7-1AB427E3E275}.Release|Any CPU.ActiveCfg = Release|Any CPU
		{440130DE-7B5D-410D-AAE7-1AB427E3E275}.Release|Any CPU.Build.0 = Release|Any CPU
		{440130DE-7B5D-410D-AAE7-1AB427E3E275}.Release|x64.ActiveCfg = Release|Any CPU
		{440130DE-7B5D-410D-AAE7-1AB427E3E275}.Release|x64.Build.0 = Release|Any CPU
		{440130DE-7B5D-410D-AAE7-1AB427E3E275}.Release|x86.ActiveCfg = Release|Any CPU
		{440130DE-7B5D-410D-AAE7-1AB427E3E275}.Release|x86.Build.0 = Release|Any CPU
	EndGlobalSection
	GlobalSection(SolutionProperties) = preSolution
		HideSolutionNode = FALSE
	EndGlobalSection
	GlobalSection(NestedProjects) = preSolution
		{74A1EEEE-6FB1-482E-98AD-C1BC19078448} = {B5BA0B59-8D91-4F07-8090-34BDE097EFC9}
		{8AC8E8E8-A3C2-4A10-BCA8-CD8065901DF0} = {02F9AF1C-3F55-4AC5-AD84-2409E1EA45B0}
		{02F9AF1C-3F55-4AC5-AD84-2409E1EA45B0} = {B5BA0B59-8D91-4F07-8090-34BDE097EFC9}
		{CAB39502-8D53-49CB-AF15-F2C60918B907} = {02F9AF1C-3F55-4AC5-AD84-2409E1EA45B0}
		{F0F52D37-9C6E-405B-85CF-FB91A1D0CB21} = {AD0738BA-577C-463D-8617-1B9D4544FE14}
		{1646EEAC-446A-43EB-974A-C481D9ABA58D} = {B5BA0B59-8D91-4F07-8090-34BDE097EFC9}
		{A2D144CE-2F0E-49C8-8525-1E312F7203EE} = {02F9AF1C-3F55-4AC5-AD84-2409E1EA45B0}
		{440130DE-7B5D-410D-AAE7-1AB427E3E275} = {02F9AF1C-3F55-4AC5-AD84-2409E1EA45B0}
	EndGlobalSection
	GlobalSection(ExtensibilityGlobals) = postSolution
		SolutionGuid = {48D28C8F-7C17-44A2-8CBC-FE82743DB063}
	EndGlobalSection
EndGlobal
