
Microsoft Visual Studio Solution File, Format Version 12.00
# Visual Studio Version 16
VisualStudioVersion = 16.0.29409.12
MinimumVisualStudioVersion = 10.0.40219.1
Project("{FAE04EC0-301F-11D3-BF4B-00C04F79EFBC}") = "TourBooker.UI", "TourBooker.UI\TourBooker.UI.csproj", "{D021A1A5-6FC2-4C7C-8E13-9D8228461CD9}"
EndProject
Project("{FAE04EC0-301F-11D3-BF4B-00C04F79EFBC}") = "TourBooker.Logic", "TourBooker.Logic\TourBooker.Logic.csproj", "{77BB6516-4E38-4461-8CCD-02C12FF7D0E2}"
EndProject
Global
	GlobalSection(SolutionConfigurationPlatforms) = preSolution
		Debug|Any CPU = Debug|Any CPU
		Release|Any CPU = Release|Any CPU
	EndGlobalSection
	GlobalSection(ProjectConfigurationPlatforms) = postSolution
		{D021A1A5-6FC2-4C7C-8E13-9D8228461CD9}.Debug|Any CPU.ActiveCfg = Debug|Any CPU
		{D021A1A5-6FC2-4C7C-8E13-9D8228461CD9}.Debug|Any CPU.Build.0 = Debug|Any CPU
		{D021A1A5-6FC2-4C7C-8E13-9D8228461CD9}.Release|Any CPU.ActiveCfg = Release|Any CPU
		{D021A1A5-6FC2-4C7C-8E13-9D8228461CD9}.Release|Any CPU.Build.0 = Release|Any CPU
		{77BB6516-4E38-4461-8CCD-02C12FF7D0E2}.Debug|Any CPU.ActiveCfg = Debug|Any CPU
		{77BB6516-4E38-4461-8CCD-02C12FF7D0E2}.Debug|Any CPU.Build.0 = Debug|Any CPU
		{77BB6516-4E38-4461-8CCD-02C12FF7D0E2}.Release|Any CPU.ActiveCfg = Release|Any CPU
		{77BB6516-4E38-4461-8CCD-02C12FF7D0E2}.Release|Any CPU.Build.0 = Release|Any CPU
	EndGlobalSection
	GlobalSection(SolutionProperties) = preSolution
		HideSolutionNode = FALSE
	EndGlobalSection
	GlobalSection(ExtensibilityGlobals) = postSolution
		SolutionGuid = {B15C720F-3C3A-47C1-B545-0647296640FC}
	EndGlobalSection
EndGlobal
